
Microsoft Visual Studio Solution File, Format Version 12.00
# Visual Studio Version 17
VisualStudioVersion = 17.13.35919.96 d17.13
MinimumVisualStudioVersion = 10.0.40219.1
Project("{FAE04EC0-301F-11D3-BF4B-00C04F79EFBC}") = "PROJECTEULER", "PROJECTEULER.csproj", "{91C1A796-D574-4281-B180-4A0A55F486D6}"
EndProject
Global
	GlobalSection(SolutionConfigurationPlatforms) = preSolution
		Debug|Any CPU = Debug|Any CPU
		Release|Any CPU = Release|Any CPU
	EndGlobalSection
	GlobalSection(ProjectConfigurationPlatforms) = postSolution
		{91C1A796-D574-4281-B180-4A0A55F486D6}.Debug|Any CPU.ActiveCfg = Debug|Any CPU
		{91C1A796-D574-4281-B180-4A0A55F486D6}.Debug|Any CPU.Build.0 = Debug|Any CPU
		{91C1A796-D574-4281-B180-4A0A55F486D6}.Release|Any CPU.ActiveCfg = Release|Any CPU
		{91C1A796-D574-4281-B180-4A0A55F486D6}.Release|Any CPU.Build.0 = Release|Any CPU
	EndGlobalSection
	GlobalSection(SolutionProperties) = preSolution
		HideSolutionNode = FALSE
	EndGlobalSection
	GlobalSection(ExtensibilityGlobals) = postSolution
		SolutionGuid = {3D25B57D-1AC3-4D53-B9CD-5B5F1C089EF6}
	EndGlobalSection
EndGlobal
